{
    "_meta": {
        "hash": {
            "sha256": "55653c9c074cb3aa32f6d5b0df192b9e0a3c8d7bb676f9d7bdf0378776a4cd80"
        },
        "pipfile-spec": 6,
        "requires": {
            "python_version": "3.7"
        },
        "sources": [
            {
                "name": "pypi",
                "url": "https://pypi.org/simple",
                "verify_ssl": true
            }
        ]
    },
    "default": {
        "gruvbox-pygments": {
            "editable": true,
            "path": "./gruvbox-pygments"
        },
        "pygments": {
            "hashes": [
                "sha256:5ffada19f6203563680669ee7f53b64dabbeb100eb51b61996085e99c03b284a",
                "sha256:e8218dd399a61674745138520d0d4cf2621d7e032439341bc3f647bff125818d"
            ],
            "index": "pypi",
            "version": "==2.3.1"
        }
    },
    "develop": {}
}
